
Microsoft Visual Studio Solution File, Format Version 12.00
# Visual Studio Version 17
VisualStudioVersion = 17.14.36408.4 d17.14
MinimumVisualStudioVersion = 10.0.40219.1
Project("{FAE04EC0-301F-11D3-BF4B-00C04F79EFBC}") = "BookstoreApp", "BookstoreApp\BookstoreApp.csproj", "{36C787BF-A24E-47FE-80C4-60132D5C99E1}"
EndProject
Global
	GlobalSection(SolutionConfigurationPlatforms) = preSolution
		Debug|Any CPU = Debug|Any CPU
		Release|Any CPU = Release|Any CPU
	EndGlobalSection
	GlobalSection(ProjectConfigurationPlatforms) = postSolution
		{36C787BF-A24E-47FE-80C4-60132D5C99E1}.Debug|Any CPU.ActiveCfg = Debug|Any CPU
		{36C787BF-A24E-47FE-80C4-60132D5C99E1}.Debug|Any CPU.Build.0 = Debug|Any CPU
		{36C787BF-A24E-47FE-80C4-60132D5C99E1}.Release|Any CPU.ActiveCfg = Release|Any CPU
		{36C787BF-A24E-47FE-80C4-60132D5C99E1}.Release|Any CPU.Build.0 = Release|Any CPU
	EndGlobalSection
	GlobalSection(SolutionProperties) = preSolution
		HideSolutionNode = FALSE
	EndGlobalSection
	GlobalSection(ExtensibilityGlobals) = postSolution
		SolutionGuid = {28A643A1-9E03-4A69-AE0E-9E38AB943B83}
	EndGlobalSection
EndGlobal
