
Microsoft Visual Studio Solution File, Format Version 12.00
# Visual Studio Version 17
VisualStudioVersion = 17.14.36408.4 d17.14
MinimumVisualStudioVersion = 10.0.40219.1
Project("{FAE04EC0-301F-11D3-BF4B-00C04F79EFBC}") = "SecureAuthDemo", "SecureAuthDemo\SecureAuthDemo.csproj", "{602E415D-BBBD-404D-9BA7-05B718CF3375}"
EndProject
Global
	GlobalSection(SolutionConfigurationPlatforms) = preSolution
		Debug|Any CPU = Debug|Any CPU
		Release|Any CPU = Release|Any CPU
	EndGlobalSection
	GlobalSection(ProjectConfigurationPlatforms) = postSolution
		{602E415D-BBBD-404D-9BA7-05B718CF3375}.Debug|Any CPU.ActiveCfg = Debug|Any CPU
		{602E415D-BBBD-404D-9BA7-05B718CF3375}.Debug|Any CPU.Build.0 = Debug|Any CPU
		{602E415D-BBBD-404D-9BA7-05B718CF3375}.Release|Any CPU.ActiveCfg = Release|Any CPU
		{602E415D-BBBD-404D-9BA7-05B718CF3375}.Release|Any CPU.Build.0 = Release|Any CPU
	EndGlobalSection
	GlobalSection(SolutionProperties) = preSolution
		HideSolutionNode = FALSE
	EndGlobalSection
	GlobalSection(ExtensibilityGlobals) = postSolution
		SolutionGuid = {D5317E86-0EA4-435E-A613-D2F36E89667E}
	EndGlobalSection
EndGlobal
