
Microsoft Visual Studio Solution File, Format Version 12.00
# Visual Studio Version 17
VisualStudioVersion = 17.14.36310.24 d17.14
MinimumVisualStudioVersion = 10.0.40219.1
Project("{FAE04EC0-301F-11D3-BF4B-00C04F79EFBC}") = "Reliable", "Secure application\Reliable.csproj", "{736720EF-8BFD-4D0F-A6B0-1A77B135E262}"
EndProject
Project("{FAE04EC0-301F-11D3-BF4B-00C04F79EFBC}") = "SecureAppl", "SecureAppl\SecureAppl.csproj", "{C58742EC-592D-4B0A-A02F-157238C5B60B}"
EndProject
Project("{FAE04EC0-301F-11D3-BF4B-00C04F79EFBC}") = "SecureApp.Tests", "SecureApp.Tests\SecureApp.Tests.csproj", "{3CAC943C-9E01-400E-A4A4-3DF738B2D0AC}"
EndProject
Global
	GlobalSection(SolutionConfigurationPlatforms) = preSolution
		Debug|Any CPU = Debug|Any CPU
		Release|Any CPU = Release|Any CPU
	EndGlobalSection
	GlobalSection(ProjectConfigurationPlatforms) = postSolution
		{736720EF-8BFD-4D0F-A6B0-1A77B135E262}.Debug|Any CPU.ActiveCfg = Debug|Any CPU
		{736720EF-8BFD-4D0F-A6B0-1A77B135E262}.Debug|Any CPU.Build.0 = Debug|Any CPU
		{736720EF-8BFD-4D0F-A6B0-1A77B135E262}.Release|Any CPU.ActiveCfg = Release|Any CPU
		{736720EF-8BFD-4D0F-A6B0-1A77B135E262}.Release|Any CPU.Build.0 = Release|Any CPU
		{C58742EC-592D-4B0A-A02F-157238C5B60B}.Debug|Any CPU.ActiveCfg = Debug|Any CPU
		{C58742EC-592D-4B0A-A02F-157238C5B60B}.Debug|Any CPU.Build.0 = Debug|Any CPU
		{C58742EC-592D-4B0A-A02F-157238C5B60B}.Release|Any CPU.ActiveCfg = Release|Any CPU
		{C58742EC-592D-4B0A-A02F-157238C5B60B}.Release|Any CPU.Build.0 = Release|Any CPU
		{3CAC943C-9E01-400E-A4A4-3DF738B2D0AC}.Debug|Any CPU.ActiveCfg = Debug|Any CPU
		{3CAC943C-9E01-400E-A4A4-3DF738B2D0AC}.Debug|Any CPU.Build.0 = Debug|Any CPU
		{3CAC943C-9E01-400E-A4A4-3DF738B2D0AC}.Release|Any CPU.ActiveCfg = Release|Any CPU
		{3CAC943C-9E01-400E-A4A4-3DF738B2D0AC}.Release|Any CPU.Build.0 = Release|Any CPU
	EndGlobalSection
	GlobalSection(SolutionProperties) = preSolution
		HideSolutionNode = FALSE
	EndGlobalSection
	GlobalSection(ExtensibilityGlobals) = postSolution
		SolutionGuid = {6C7EF7DF-A6A4-496A-AB5C-84C8DF8A7AF7}
	EndGlobalSection
EndGlobal
