
Microsoft Visual Studio Solution File, Format Version 12.00
# Visual Studio Version 17
VisualStudioVersion = 17.14.36310.24 d17.14
MinimumVisualStudioVersion = 10.0.40219.1
Project("{FAE04EC0-301F-11D3-BF4B-00C04F79EFBC}") = "Demo_Calculator_app", "Demo_Calculator_app\Demo_Calculator_app.csproj", "{51556213-3E90-4E25-B2AA-F30E4125706C}"
EndProject
Project("{FAE04EC0-301F-11D3-BF4B-00C04F79EFBC}") = "MathLibrary.MSTest", "MathLibrary.MSTest\MathLibrary.MSTest.csproj", "{52E751B9-D76D-4267-BB49-50A21CE74C8A}"
EndProject
Global
	GlobalSection(SolutionConfigurationPlatforms) = preSolution
		Debug|Any CPU = Debug|Any CPU
		Release|Any CPU = Release|Any CPU
	EndGlobalSection
	GlobalSection(ProjectConfigurationPlatforms) = postSolution
		{51556213-3E90-4E25-B2AA-F30E4125706C}.Debug|Any CPU.ActiveCfg = Debug|Any CPU
		{51556213-3E90-4E25-B2AA-F30E4125706C}.Debug|Any CPU.Build.0 = Debug|Any CPU
		{51556213-3E90-4E25-B2AA-F30E4125706C}.Release|Any CPU.ActiveCfg = Release|Any CPU
		{51556213-3E90-4E25-B2AA-F30E4125706C}.Release|Any CPU.Build.0 = Release|Any CPU
		{52E751B9-D76D-4267-BB49-50A21CE74C8A}.Debug|Any CPU.ActiveCfg = Debug|Any CPU
		{52E751B9-D76D-4267-BB49-50A21CE74C8A}.Debug|Any CPU.Build.0 = Debug|Any CPU
		{52E751B9-D76D-4267-BB49-50A21CE74C8A}.Release|Any CPU.ActiveCfg = Release|Any CPU
		{52E751B9-D76D-4267-BB49-50A21CE74C8A}.Release|Any CPU.Build.0 = Release|Any CPU
	EndGlobalSection
	GlobalSection(SolutionProperties) = preSolution
		HideSolutionNode = FALSE
	EndGlobalSection
	GlobalSection(ExtensibilityGlobals) = postSolution
		SolutionGuid = {D03FC410-2C7C-4A73-A96D-74DEC913E194}
	EndGlobalSection
EndGlobal
