
Microsoft Visual Studio Solution File, Format Version 12.00
# Visual Studio Version 17
VisualStudioVersion = 17.14.36408.4 d17.14
MinimumVisualStudioVersion = 10.0.40219.1
Project("{FAE04EC0-301F-11D3-BF4B-00C04F79EFBC}") = "ECommercePlatform", "ECommercePlatform\ECommercePlatform.csproj", "{B679888E-01EB-4007-8C37-A56F80C5D122}"
EndProject
Global
	GlobalSection(SolutionConfigurationPlatforms) = preSolution
		Debug|Any CPU = Debug|Any CPU
		Release|Any CPU = Release|Any CPU
	EndGlobalSection
	GlobalSection(ProjectConfigurationPlatforms) = postSolution
		{B679888E-01EB-4007-8C37-A56F80C5D122}.Debug|Any CPU.ActiveCfg = Debug|Any CPU
		{B679888E-01EB-4007-8C37-A56F80C5D122}.Debug|Any CPU.Build.0 = Debug|Any CPU
		{B679888E-01EB-4007-8C37-A56F80C5D122}.Release|Any CPU.ActiveCfg = Release|Any CPU
		{B679888E-01EB-4007-8C37-A56F80C5D122}.Release|Any CPU.Build.0 = Release|Any CPU
	EndGlobalSection
	GlobalSection(SolutionProperties) = preSolution
		HideSolutionNode = FALSE
	EndGlobalSection
	GlobalSection(ExtensibilityGlobals) = postSolution
		SolutionGuid = {B7ABCE13-D76A-48E6-906A-0B16ECDAABD3}
	EndGlobalSection
EndGlobal
